github.com/SmartBrave/Athena/easyerrors v0.0.1 h1:RFr5twr6wLDkikrMYAb3kqviR1G7xktEbdd9D5zuT2k=
github.com/SmartBrave/Athena/easyerrors v0.0.1/go.mod h1:5yocT+/Adt/zT6V4Wqqx6z5LfIa4LAIZt+5PhhsqORc=
github.com/SmartBrave/Athena/easyio v0.0.1 h1:nIVRYiOmbT+eD5bo7I02WBVoxiyPOYl+Mt0WVM//QfQ=
github.com/SmartBrave/Athena/easyio v0.0.1/go.mod h1:V/WAj02Va6hgVllSHoxNxRSEVmkizeTXusSPxjrCMeg=
github.com/pkg/errors v0.9.1 h1:FEBLx1zS214owpjy7qsBeixbURkuhQAwrK5UwLGTwt4=
github.com/pkg/errors v0.9.1/go.mod h1:bwawxfHBFNV+L2hUp1rHADufV3IMtnDRdf1r5NINEl0=
